
Microsoft Visual Studio Solution File, Format Version 12.00
# Visual Studio Version 17
VisualStudioVersion = 17.1.32421.90
MinimumVisualStudioVersion = 10.0.40219.1
Project("{FAE04EC0-301F-11D3-BF4B-00C04F79EFBC}") = "Calculadora", "Calculadora\Calculadora.csproj", "{FB3F89F0-A0D6-431D-A6F5-C7754547347C}"
EndProject
Global
	GlobalSection(SolutionConfigurationPlatforms) = preSolution
		Debug|Any CPU = Debug|Any CPU
		Release|Any CPU = Release|Any CPU
	EndGlobalSection
	GlobalSection(ProjectConfigurationPlatforms) = postSolution
		{FB3F89F0-A0D6-431D-A6F5-C7754547347C}.Debug|Any CPU.ActiveCfg = Debug|Any CPU
		{FB3F89F0-A0D6-431D-A6F5-C7754547347C}.Debug|Any CPU.Build.0 = Debug|Any CPU
		{FB3F89F0-A0D6-431D-A6F5-C7754547347C}.Release|Any CPU.ActiveCfg = Release|Any CPU
		{FB3F89F0-A0D6-431D-A6F5-C7754547347C}.Release|Any CPU.Build.0 = Release|Any CPU
	EndGlobalSection
	GlobalSection(SolutionProperties) = preSolution
		HideSolutionNode = FALSE
	EndGlobalSection
	GlobalSection(ExtensibilityGlobals) = postSolution
		SolutionGuid = {A25AFABC-4D09-43DE-B32E-8ADDD377357A}
	EndGlobalSection
EndGlobal
